
Microsoft Visual Studio Solution File, Format Version 12.00
# Visual Studio Version 16
VisualStudioVersion = 16.0.29418.71
MinimumVisualStudioVersion = 10.0.40219.1
Project("{9A19103F-16F7-4668-BE54-9A1E7A4F7556}") = "Microservices.CalculadorasDeJuros.Api", "1 - Presentation\Microservices.CalculadorasDeJuros.Api\Microservices.CalculadorasDeJuros.Api.csproj", "{A257ED08-D2AB-417B-9A52-6D735563C42E}"
EndProject
Project("{9A19103F-16F7-4668-BE54-9A1E7A4F7556}") = "Microservices.CalculadorasDeJuros.Services", "2 - Services\Microservices.CalculadorasDeJuros.Services\Microservices.CalculadorasDeJuros.Services.csproj", "{D6F62670-1082-4F85-B69C-C5597AF83BE8}"
EndProject
Project("{2150E333-8FDC-42A3-9474-1A3956D46DE8}") = "1 - Presentation", "1 - Presentation", "{060971E4-6CB0-4227-96C4-7912A33BA5CB}"
EndProject
Project("{2150E333-8FDC-42A3-9474-1A3956D46DE8}") = "2 - Services", "2 - Services", "{6AE70B6B-724C-4982-AF51-2C406AD5D0ED}"
EndProject
Project("{2150E333-8FDC-42A3-9474-1A3956D46DE8}") = "3 - Domain", "3 - Domain", "{55BBECEE-4BF5-4E5B-B11B-A6B7BF6B2D91}"
EndProject
Project("{9A19103F-16F7-4668-BE54-9A1E7A4F7556}") = "Microservices.CalculadorasDeJuros.Domain", "3 - Domain\Microservices.CalculadorasDeJuros.Domain\Microservices.CalculadorasDeJuros.Domain.csproj", "{503FBE64-1ACD-4BF9-B424-54740488FDBD}"
EndProject
Project("{2150E333-8FDC-42A3-9474-1A3956D46DE8}") = "4 - CrossCutting", "4 - CrossCutting", "{8EF21AF6-E7D9-4EFB-912B-3B045F0A7413}"
EndProject
Project("{9A19103F-16F7-4668-BE54-9A1E7A4F7556}") = "Microservices.CalculadorasDeJuros.CrossCutting", "4 - CrossCutting\Microservices.CalculadorasDeJuros.CrossCutting\Microservices.CalculadorasDeJuros.CrossCutting.csproj", "{3B4A6123-18D8-44D3-8408-8068134643C9}"
EndProject
Global
	GlobalSection(SolutionConfigurationPlatforms) = preSolution
		Debug|Any CPU = Debug|Any CPU
		Release|Any CPU = Release|Any CPU
	EndGlobalSection
	GlobalSection(ProjectConfigurationPlatforms) = postSolution
		{A257ED08-D2AB-417B-9A52-6D735563C42E}.Debug|Any CPU.ActiveCfg = Debug|Any CPU
		{A257ED08-D2AB-417B-9A52-6D735563C42E}.Debug|Any CPU.Build.0 = Debug|Any CPU
		{A257ED08-D2AB-417B-9A52-6D735563C42E}.Release|Any CPU.ActiveCfg = Release|Any CPU
		{A257ED08-D2AB-417B-9A52-6D735563C42E}.Release|Any CPU.Build.0 = Release|Any CPU
		{D6F62670-1082-4F85-B69C-C5597AF83BE8}.Debug|Any CPU.ActiveCfg = Debug|Any CPU
		{D6F62670-1082-4F85-B69C-C5597AF83BE8}.Debug|Any CPU.Build.0 = Debug|Any CPU
		{D6F62670-1082-4F85-B69C-C5597AF83BE8}.Release|Any CPU.ActiveCfg = Release|Any CPU
		{D6F62670-1082-4F85-B69C-C5597AF83BE8}.Release|Any CPU.Build.0 = Release|Any CPU
		{503FBE64-1ACD-4BF9-B424-54740488FDBD}.Debug|Any CPU.ActiveCfg = Debug|Any CPU
		{503FBE64-1ACD-4BF9-B424-54740488FDBD}.Debug|Any CPU.Build.0 = Debug|Any CPU
		{503FBE64-1ACD-4BF9-B424-54740488FDBD}.Release|Any CPU.ActiveCfg = Release|Any CPU
		{503FBE64-1ACD-4BF9-B424-54740488FDBD}.Release|Any CPU.Build.0 = Release|Any CPU
		{3B4A6123-18D8-44D3-8408-8068134643C9}.Debug|Any CPU.ActiveCfg = Debug|Any CPU
		{3B4A6123-18D8-44D3-8408-8068134643C9}.Debug|Any CPU.Build.0 = Debug|Any CPU
		{3B4A6123-18D8-44D3-8408-8068134643C9}.Release|Any CPU.ActiveCfg = Release|Any CPU
		{3B4A6123-18D8-44D3-8408-8068134643C9}.Release|Any CPU.Build.0 = Release|Any CPU
	EndGlobalSection
	GlobalSection(SolutionProperties) = preSolution
		HideSolutionNode = FALSE
	EndGlobalSection
	GlobalSection(NestedProjects) = preSolution
		{A257ED08-D2AB-417B-9A52-6D735563C42E} = {060971E4-6CB0-4227-96C4-7912A33BA5CB}
		{D6F62670-1082-4F85-B69C-C5597AF83BE8} = {6AE70B6B-724C-4982-AF51-2C406AD5D0ED}
		{503FBE64-1ACD-4BF9-B424-54740488FDBD} = {55BBECEE-4BF5-4E5B-B11B-A6B7BF6B2D91}
		{3B4A6123-18D8-44D3-8408-8068134643C9} = {8EF21AF6-E7D9-4EFB-912B-3B045F0A7413}
	EndGlobalSection
	GlobalSection(ExtensibilityGlobals) = postSolution
		SolutionGuid = {C468E522-253B-4BA8-BA9C-7544187347F4}
	EndGlobalSection
EndGlobal
